Microsoft Visual Studio Solution File, Format Version 12.00
# Visual Studio Version 17
VisualStudioVersion = 17.0.31903.59
MinimumVisualStudioVersion = 10.0.40219.1
Project("{FAE04EC0-301F-11D3-BF4B-00C04F79EFBC}") = "DecOR8R.Daemon", "DecOR8R.Daemon\DecOR8R.Daemon.csproj", "{64051DB0-BB7B-4F00-A286-D829126D5E75}"
EndProject
Project("{FAE04EC0-301F-11D3-BF4B-00C04F79EFBC}") = "DecOR8R.Daemon.Test", "DecOR8R.Daemon.Test\DecOR8R.Daemon.Test.csproj", "{BC9BA7F7-4DBF-481D-9B92-B5565772E02D}"
EndProject
Global
	GlobalSection(SolutionConfigurationPlatforms) = preSolution
		Debug|Any CPU = Debug|Any CPU
		Release|Any CPU = Release|Any CPU
	EndGlobalSection
	GlobalSection(SolutionProperties) = preSolution
		HideSolutionNode = FALSE
	EndGlobalSection
	GlobalSection(ProjectConfigurationPlatforms) = postSolution
		{68055225-D966-45AA-8C6E-E79E08C2E527}.Debug|Any CPU.ActiveCfg = Debug|Any CPU
		{68055225-D966-45AA-8C6E-E79E08C2E527}.Debug|Any CPU.Build.0 = Debug|Any CPU
		{68055225-D966-45AA-8C6E-E79E08C2E527}.Release|Any CPU.ActiveCfg = Release|Any CPU
		{68055225-D966-45AA-8C6E-E79E08C2E527}.Release|Any CPU.Build.0 = Release|Any CPU
		{0DBB130A-A77F-4CCB-89EF-2DAE36E77B57}.Debug|Any CPU.ActiveCfg = Debug|Any CPU
		{0DBB130A-A77F-4CCB-89EF-2DAE36E77B57}.Debug|Any CPU.Build.0 = Debug|Any CPU
		{0DBB130A-A77F-4CCB-89EF-2DAE36E77B57}.Release|Any CPU.ActiveCfg = Release|Any CPU
		{0DBB130A-A77F-4CCB-89EF-2DAE36E77B57}.Release|Any CPU.Build.0 = Release|Any CPU
		{64051DB0-BB7B-4F00-A286-D829126D5E75}.Debug|Any CPU.ActiveCfg = Debug|Any CPU
		{64051DB0-BB7B-4F00-A286-D829126D5E75}.Debug|Any CPU.Build.0 = Debug|Any CPU
		{64051DB0-BB7B-4F00-A286-D829126D5E75}.Release|Any CPU.ActiveCfg = Release|Any CPU
		{64051DB0-BB7B-4F00-A286-D829126D5E75}.Release|Any CPU.Build.0 = Release|Any CPU
		{BC9BA7F7-4DBF-481D-9B92-B5565772E02D}.Debug|Any CPU.ActiveCfg = Debug|Any CPU
		{BC9BA7F7-4DBF-481D-9B92-B5565772E02D}.Debug|Any CPU.Build.0 = Debug|Any CPU
		{BC9BA7F7-4DBF-481D-9B92-B5565772E02D}.Release|Any CPU.ActiveCfg = Release|Any CPU
		{BC9BA7F7-4DBF-481D-9B92-B5565772E02D}.Release|Any CPU.Build.0 = Release|Any CPU
	EndGlobalSection
EndGlobal

